Microsoft Visual Studio Solution File, Format Version 12.00
# Visual Studio Version 17
VisualStudioVersion = 17.5.2.0
MinimumVisualStudioVersion = 10.0.40219.1
Project("{FAE04EC0-301F-11D3-BF4B-00C04F79EFBC}") = "SnakeObject", "SnakeObject.csproj", "{5A885439-19AA-96BF-74AC-1317D1BA4A88}"
EndProject
Global
	GlobalSection(SolutionConfigurationPlatforms) = preSolution
		Debug|Any CPU = Debug|Any CPU
		Release|Any CPU = Release|Any CPU
	EndGlobalSection
	GlobalSection(ProjectConfigurationPlatforms) = postSolution
		{5A885439-19AA-96BF-74AC-1317D1BA4A88}.Debug|Any CPU.ActiveCfg = Debug|Any CPU
		{5A885439-19AA-96BF-74AC-1317D1BA4A88}.Debug|Any CPU.Build.0 = Debug|Any CPU
		{5A885439-19AA-96BF-74AC-1317D1BA4A88}.Release|Any CPU.ActiveCfg = Release|Any CPU
		{5A885439-19AA-96BF-74AC-1317D1BA4A88}.Release|Any CPU.Build.0 = Release|Any CPU
	EndGlobalSection
	GlobalSection(SolutionProperties) = preSolution
		HideSolutionNode = FALSE
	EndGlobalSection
	GlobalSection(ExtensibilityGlobals) = postSolution
		SolutionGuid = {E8717865-3DE7-40E9-A33D-A66C0512A462}
	EndGlobalSection
EndGlobal
